// !$*UTF8*$!
{
	archiveVersion = 1;
	classes = {
	};
	objectVersion = 56;
	objects = {

/* Begin PBXBuildFile section */
		FBE8A39529823382005BE645 /* AppDelegate.swift in Sources */ = {isa = PBXBuildFile; fileRef = FBE8A39429823382005BE645 /* AppDelegate.swift */; };
		FBE8A39729823382005BE645 /* SceneDelegate.swift in Sources */ = {isa = PBXBuildFile; fileRef = FBE8A39629823382005BE645 /* SceneDelegate.swift */; };
		FBE8A39929823382005BE645 /* ViewController.swift in Sources */ = {isa = PBXBuildFile; fileRef = FBE8A39829823382005BE645 /* ViewController.swift */; };
		FBE8A39C29823382005BE645 /* Main.storyboard in Resources */ = {isa = PBXBuildFile; fileRef = FBE8A39A29823382005BE645 /* Main.storyboard */; };
		FBE8A39E29823384005BE645 /* Assets.xcassets in Resources */ = {isa = PBXBuildFile; fileRef = FBE8A39D29823384005BE645 /* Assets.xcassets */; };
		FBE8A3A129823384005BE645 /* LaunchScreen.storyboard in Resources */ = {isa = PBXBuildFile; fileRef = FBE8A39F29823384005BE645 /* LaunchScreen.storyboard */; };
		FBE8A41629824036005BE645 /* ConnectionGateWaySAT.framework in Frameworks */ = {isa = PBXBuildFile; fileRef = FBE8A41129823F3C005BE645 /* ConnectionGateWaySAT.framework */; };
		FBE8A41729824036005BE645 /* ConnectionGateWaySAT.framework in Embed Frameworks */ = {isa = PBXBuildFile; fileRef = FBE8A41129823F3C005BE645 /* ConnectionGateWaySAT.framework */; settings = {ATTRIBUTES = (CodeSignOnCopy, RemoveHeadersOnCopy, ); }; };
		FBE8A43F29827AED005BE645 /* MiniAppServiceA.framework in Frameworks */ = {isa = PBXBuildFile; fileRef = FBE8A43E29827A34005BE645 /* MiniAppServiceA.framework */; };
		FBE8A44029827AED005BE645 /* MiniAppServiceA.framework in Embed Frameworks */ = {isa = PBXBuildFile; fileRef = FBE8A43E29827A34005BE645 /* MiniAppServiceA.framework */; settings = {ATTRIBUTES = (CodeSignOnCopy, RemoveHeadersOnCopy, ); }; };
/* End PBXBuildFile section */

/* Begin PBXContainerItemProxy section */
		FBE8A41029823F3C005BE645 /* PBXContainerItemProxy */ = {
			isa = PBXContainerItemProxy;
			containerPortal = FBE8A40C29823F3C005BE645 /* ConnectionGateWaySAT.xcodeproj */;
			proxyType = 2;
			remoteGlobalIDString = FBE8A35029822B7A005BE645;
			remoteInfo = ConnectionGateWaySAT;
		};
		FBE8A43D29827A34005BE645 /* PBXContainerItemProxy */ = {
			isa = PBXContainerItemProxy;
			containerPortal = FBE8A43829827A34005BE645 /* MiniAppServiceA.xcodeproj */;
			proxyType = 2;
			remoteGlobalIDString = FBE8A3BD29823538005BE645;
			remoteInfo = MiniAppServiceA;
		};
/* End PBXContainerItemProxy section */

/* Begin PBXCopyFilesBuildPhase section */
		FBE8A41529824029005BE645 /* Embed Frameworks */ = {
			isa = PBXCopyFilesBuildPhase;
			buildActionMask = 2147483647;
			dstPath = "";
			dstSubfolderSpec = 10;
			files = (
				FBE8A41729824036005BE645 /* ConnectionGateWaySAT.framework in Embed Frameworks */,
				FBE8A44029827AED005BE645 /* MiniAppServiceA.framework in Embed Frameworks */,
			);
			name = "Embed Frameworks";
			runOnlyForDeploymentPostprocessing = 0;
		};
/* End PBXCopyFilesBuildPhase section */

/* Begin PBXFileReference section */
		FBE8A39129823382005BE645 /* SuperApp.app */ = {isa = PBXFileReference; explicitFileType = wrapper.application; includeInIndex = 0; path = SuperApp.app; sourceTree = BUILT_PRODUCTS_DIR; };
		FBE8A39429823382005BE645 /* AppDelegate.swift */ = {isa = PBXFileReference; lastKnownFileType = sourcecode.swift; path = AppDelegate.swift; sourceTree = "<group>"; };
		FBE8A39629823382005BE645 /* SceneDelegate.swift */ = {isa = PBXFileReference; lastKnownFileType = sourcecode.swift; path = SceneDelegate.swift; sourceTree = "<group>"; };
		FBE8A39829823382005BE645 /* ViewController.swift */ = {isa = PBXFileReference; lastKnownFileType = sourcecode.swift; path = ViewController.swift; sourceTree = "<group>"; };
		FBE8A39B29823382005BE645 /* Base */ = {isa = PBXFileReference; lastKnownFileType = file.storyboard; name = Base; path = Base.lproj/Main.storyboard; sourceTree = "<group>"; };
		FBE8A39D29823384005BE645 /* Assets.xcassets */ = {isa = PBXFileReference; lastKnownFileType = folder.assetcatalog; path = Assets.xcassets; sourceTree = "<group>"; };
		FBE8A3A029823384005BE645 /* Base */ = {isa = PBXFileReference; lastKnownFileType = file.storyboard; name = Base; path = Base.lproj/LaunchScreen.storyboard; sourceTree = "<group>"; };
		FBE8A3A229823384005BE645 /* Info.plist */ = {isa = PBXFileReference; lastKnownFileType = text.plist.xml; path = Info.plist; sourceTree = "<group>"; };
		FBE8A40C29823F3C005BE645 /* ConnectionGateWaySAT.xcodeproj */ = {isa = PBXFileReference; lastKnownFileType = "wrapper.pb-project"; name = ConnectionGateWaySAT.xcodeproj; path = ../../ConnectionGateWaySAT/ConnectionGateWaySAT.xcodeproj; sourceTree = "<group>"; };
		FBE8A43829827A34005BE645 /* MiniAppServiceA.xcodeproj */ = {isa = PBXFileReference; lastKnownFileType = "wrapper.pb-project"; name = MiniAppServiceA.xcodeproj; path = ../../MiniAppServiceA/MiniAppServiceA.xcodeproj; sourceTree = "<group>"; };
/* End PBXFileReference section */

/* Begin PBXFrameworksBuildPhase section */
		FBE8A38E29823382005BE645 /* Frameworks */ = {
			isa = PBXFrameworksBuildPhase;
			buildActionMask = 2147483647;
			files = (
				FBE8A41629824036005BE645 /* ConnectionGateWaySAT.framework in Frameworks */,
				FBE8A43F29827AED005BE645 /* MiniAppServiceA.framework in Frameworks */,
			);
			runOnlyForDeploymentPostprocessing = 0;
		};
/* End PBXFrameworksBuildPhase section */

/* Begin PBXGroup section */
		FBE8A38829823382005BE645 = {
			isa = PBXGroup;
			children = (
				FBE8A39329823382005BE645 /* SuperApp */,
				FBE8A39229823382005BE645 /* Products */,
				FBE8A41229824029005BE645 /* Frameworks */,
			);
			sourceTree = "<group>";
		};
		FBE8A39229823382005BE645 /* Products */ = {
			isa = PBXGroup;
			children = (
				FBE8A39129823382005BE645 /* SuperApp.app */,
			);
			name = Products;
			sourceTree = "<group>";
		};
		FBE8A39329823382005BE645 /* SuperApp */ = {
			isa = PBXGroup;
			children = (
				FBE8A39429823382005BE645 /* AppDelegate.swift */,
				FBE8A39629823382005BE645 /* SceneDelegate.swift */,
				FBE8A39829823382005BE645 /* ViewController.swift */,
				FBE8A39A29823382005BE645 /* Main.storyboard */,
				FBE8A39D29823384005BE645 /* Assets.xcassets */,
				FBE8A39F29823384005BE645 /* LaunchScreen.storyboard */,
				FBE8A3A229823384005BE645 /* Info.plist */,
				FBE8A43829827A34005BE645 /* MiniAppServiceA.xcodeproj */,
				FBE8A40C29823F3C005BE645 /* ConnectionGateWaySAT.xcodeproj */,
			);
			path = SuperApp;
			sourceTree = "<group>";
		};
		FBE8A40D29823F3C005BE645 /* Products */ = {
			isa = PBXGroup;
			children = (
				FBE8A41129823F3C005BE645 /* ConnectionGateWaySAT.framework */,
			);
			name = Products;
			sourceTree = "<group>";
		};
		FBE8A41229824029005BE645 /* Frameworks */ = {
			isa = PBXGroup;
			children = (
			);
			name = Frameworks;
			sourceTree = "<group>";
		};
		FBE8A43929827A34005BE645 /* Products */ = {
			isa = PBXGroup;
			children = (
				FBE8A43E29827A34005BE645 /* MiniAppServiceA.framework */,
			);
			name = Products;
			sourceTree = "<group>";
		};
/* End PBXGroup section */

/* Begin PBXNativeTarget section */
		FBE8A39029823382005BE645 /* SuperApp */ = {
			isa = PBXNativeTarget;
			buildConfigurationList = FBE8A3A529823384005BE645 /* Build configuration list for PBXNativeTarget "SuperApp" */;
			buildPhases = (
				FBE8A38D29823382005BE645 /* Sources */,
				FBE8A38E29823382005BE645 /* Frameworks */,
				FBE8A38F29823382005BE645 /* Resources */,
				FBE8A41529824029005BE645 /* Embed Frameworks */,
			);
			buildRules = (
			);
			dependencies = (
			);
			name = SuperApp;
			productName = SuperApp;
			productReference = FBE8A39129823382005BE645 /* SuperApp.app */;
			productType = "com.apple.product-type.application";
		};
/* End PBXNativeTarget section */

/* Begin PBXProject section */
		FBE8A38929823382005BE645 /* Project object */ = {
			isa = PBXProject;
			attributes = {
				BuildIndependentTargetsInParallel = 1;
				LastSwiftUpdateCheck = 1420;
				LastUpgradeCheck = 1420;
				TargetAttributes = {
					FBE8A39029823382005BE645 = {
						CreatedOnToolsVersion = 14.2;
					};
				};
			};
			buildConfigurationList = FBE8A38C29823382005BE645 /* Build configuration list for PBXProject "SuperApp" */;
			compatibilityVersion = "Xcode 14.0";
			developmentRegion = en;
			hasScannedForEncodings = 0;
			knownRegions = (
				en,
				Base,
			);
			mainGroup = FBE8A38829823382005BE645;
			productRefGroup = FBE8A39229823382005BE645 /* Products */;
			projectDirPath = "";
			projectReferences = (
				{
					ProductGroup = FBE8A40D29823F3C005BE645 /* Products */;
					ProjectRef = FBE8A40C29823F3C005BE645 /* ConnectionGateWaySAT.xcodeproj */;
				},
				{
					ProductGroup = FBE8A43929827A34005BE645 /* Products */;
					ProjectRef = FBE8A43829827A34005BE645 /* MiniAppServiceA.xcodeproj */;
				},
			);
			projectRoot = "";
			targets = (
				FBE8A39029823382005BE645 /* SuperApp */,
			);
		};
/* End PBXProject section */

/* Begin PBXReferenceProxy section */
		FBE8A41129823F3C005BE645 /* ConnectionGateWaySAT.framework */ = {
			isa = PBXReferenceProxy;
			fileType = wrapper.framework;
			path = ConnectionGateWaySAT.framework;
			remoteRef = FBE8A41029823F3C005BE645 /* PBXContainerItemProxy */;
			sourceTree = BUILT_PRODUCTS_DIR;
		};
		FBE8A43E29827A34005BE645 /* MiniAppServiceA.framework */ = {
			isa = PBXReferenceProxy;
			fileType = wrapper.framework;
			path = MiniAppServiceA.framework;
			remoteRef = FBE8A43D29827A34005BE645 /* PBXContainerItemProxy */;
			sourceTree = BUILT_PRODUCTS_DIR;
		};
/* End PBXReferenceProxy section */

/* Begin PBXResourcesBuildPhase section */
		FBE8A38F29823382005BE645 /* Resources */ = {
			isa = PBXResourcesBuildPhase;
			buildActionMask = 2147483647;
			files = (
				FBE8A3A129823384005BE645 /* LaunchScreen.storyboard in Resources */,
				FBE8A39E29823384005BE645 /* Assets.xcassets in Resources */,
				FBE8A39C29823382005BE645 /* Main.storyboard in Resources */,
			);
			runOnlyForDeploymentPostprocessing = 0;
		};
/* End PBXResourcesBuildPhase section */

/* Begin PBXSourcesBuildPhase section */
		FBE8A38D29823382005BE645 /* Sources */ = {
			isa = PBXSourcesBuildPhase;
			buildActionMask = 2147483647;
			files = (
				FBE8A39929823382005BE645 /* ViewController.swift in Sources */,
				FBE8A39529823382005BE645 /* AppDelegate.swift in Sources */,
				FBE8A39729823382005BE645 /* SceneDelegate.swift in Sources */,
			);
			runOnlyForDeploymentPostprocessing = 0;
		};
/* End PBXSourcesBuildPhase section */

/* Begin PBXVariantGroup section */
		FBE8A39A29823382005BE645 /* Main.storyboard */ = {
			isa = PBXVariantGroup;
			children = (
				FBE8A39B29823382005BE645 /* Base */,
			);
			name = Main.storyboard;
			sourceTree = "<group>";
		};
		FBE8A39F29823384005BE645 /* LaunchScreen.storyboard */ = {
			isa = PBXVariantGroup;
			children = (
				FBE8A3A029823384005BE645 /* Base */,
			);
			name = LaunchScreen.storyboard;
			sourceTree = "<group>";
		};
/* End PBXVariantGroup section */

/* Begin XCBuildConfiguration section */
		FBE8A3A329823384005BE645 /* Debug */ = {
			isa = XCBuildConfiguration;
			buildSettings = {
				ALWAYS_SEARCH_USER_PATHS = NO;
				CLANG_ANALYZER_NONNULL = YES;
				CLANG_ANALYZER_NUMBER_OBJECT_CONVERSION = YES_AGGRESSIVE;
				CLANG_CXX_LANGUAGE_STANDARD = "gnu++20";
				CLANG_ENABLE_MODULES = YES;
				CLANG_ENABLE_OBJC_ARC = YES;
				CLANG_ENABLE_OBJC_WEAK = YES;
				CLANG_WARN_BLOCK_CAPTURE_AUTORELEASING = YES;
				CLANG_WARN_BOOL_CONVERSION = YES;
				CLANG_WARN_COMMA = YES;
				CLANG_WARN_CONSTANT_CONVERSION = YES;
				CLANG_WARN_DEPRECATED_OBJC_IMPLEMENTATIONS = YES;
				CLANG_WARN_DIRECT_OBJC_ISA_USAGE = YES_ERROR;
				CLANG_WARN_DOCUMENTATION_COMMENTS = YES;
				CLANG_WARN_EMPTY_BODY = YES;
				CLANG_WARN_ENUM_CONVERSION = YES;
				CLANG_WARN_INFINITE_RECURSION = YES;
				CLANG_WARN_INT_CONVERSION = YES;
				CLANG_WARN_NON_LITERAL_NULL_CONVERSION = YES;
				CLANG_WARN_OBJC_IMPLICIT_RETAIN_SELF = YES;
				CLANG_WARN_OBJC_LITERAL_CONVERSION = YES;
				CLANG_WARN_OBJC_ROOT_CLASS = YES_ERROR;
				CLANG_WARN_QUOTED_INCLUDE_IN_FRAMEWORK_HEADER = YES;
				CLANG_WARN_RANGE_LOOP_ANALYSIS = YES;
				CLANG_WARN_STRICT_PROTOTYPES = YES;
				CLANG_WARN_SUSPICIOUS_MOVE = YES;
				CLANG_WARN_UNGUARDED_AVAILABILITY = YES_AGGRESSIVE;
				CLANG_WARN_UNREACHABLE_CODE = YES;
				CLANG_WARN__DUPLICATE_METHOD_MATCH = YES;
				COPY_PHASE_STRIP = NO;
				DEBUG_INFORMATION_FORMAT = dwarf;
				ENABLE_STRICT_OBJC_MSGSEND = YES;
				ENABLE_TESTABILITY = YES;
				GCC_C_LANGUAGE_STANDARD = gnu11;
				GCC_DYNAMIC_NO_PIC = NO;
				GCC_NO_COMMON_BLOCKS = YES;
				GCC_OPTIMIZATION_LEVEL = 0;
				GCC_PREPROCESSOR_DEFINITIONS = (
					"DEBUG=1",
					"$(inherited)",
				);
				GCC_WARN_64_TO_32_BIT_CONVERSION = YES;
				GCC_WARN_ABOUT_RETURN_TYPE = YES_ERROR;
				GCC_WARN_UNDECLARED_SELECTOR = YES;
				GCC_WARN_UNINITIALIZED_AUTOS = YES_AGGRESSIVE;
				GCC_WARN_UNUSED_FUNCTION = YES;
				GCC_WARN_UNUSED_VARIABLE = YES;
				IPHONEOS_DEPLOYMENT_TARGET = 13.0;
				MTL_ENABLE_DEBUG_INFO = INCLUDE_SOURCE;
				MTL_FAST_MATH = YES;
				ONLY_ACTIVE_ARCH = YES;
				SDKROOT = iphoneos;
				SWIFT_ACTIVE_COMPILATION_CONDITIONS = DEBUG;
				SWIFT_OPTIMIZATION_LEVEL = "-Onone";
			};
			name = Debug;
		};
		FBE8A3A429823384005BE645 /* Release */ = {
			isa = XCBuildConfiguration;
			buildSettings = {
				ALWAYS_SEARCH_USER_PATHS = NO;
				CLANG_ANALYZER_NONNULL = YES;
				CLANG_ANALYZER_NUMBER_OBJECT_CONVERSION = YES_AGGRESSIVE;
				CLANG_CXX_LANGUAGE_STANDARD = "gnu++20";
				CLANG_ENABLE_MODULES = YES;
				CLANG_ENABLE_OBJC_ARC = YES;
				CLANG_ENABLE_OBJC_WEAK = YES;
				CLANG_WARN_BLOCK_CAPTURE_AUTORELEASING = YES;
				CLANG_WARN_BOOL_CONVERSION = YES;
				CLANG_WARN_COMMA = YES;
				CLANG_WARN_CONSTANT_CONVERSION = YES;
				CLANG_WARN_DEPRECATED_OBJC_IMPLEMENTATIONS = YES;
				CLANG_WARN_DIRECT_OBJC_ISA_USAGE = YES_ERROR;
				CLANG_WARN_DOCUMENTATION_COMMENTS = YES;
				CLANG_WARN_EMPTY_BODY = YES;
				CLANG_WARN_ENUM_CONVERSION = YES;
				CLANG_WARN_INFINITE_RECURSION = YES;
				CLANG_WARN_INT_CONVERSION = YES;
				CLANG_WARN_NON_LITERAL_NULL_CONVERSION = YES;
				CLANG_WARN_OBJC_IMPLICIT_RETAIN_SELF = YES;
				CLANG_WARN_OBJC_LITERAL_CONVERSION = YES;
				CLANG_WARN_OBJC_ROOT_CLASS = YES_ERROR;
				CLANG_WARN_QUOTED_INCLUDE_IN_FRAMEWORK_HEADER = YES;
				CLANG_WARN_RANGE_LOOP_ANALYSIS = YES;
				CLANG_WARN_STRICT_PROTOTYPES = YES;
				CLANG_WARN_SUSPICIOUS_MOVE = YES;
				CLANG_WARN_UNGUARDED_AVAILABILITY = YES_AGGRESSIVE;
				CLANG_WARN_UNREACHABLE_CODE = YES;
				CLANG_WARN__DUPLICATE_METHOD_MATCH = YES;
				COPY_PHASE_STRIP = NO;
				DEBUG_INFORMATION_FORMAT = "dwarf-with-dsym";
				ENABLE_NS_ASSERTIONS = NO;
				ENABLE_STRICT_OBJC_MSGSEND = YES;
				GCC_C_LANGUAGE_STANDARD = gnu11;
				GCC_NO_COMMON_BLOCKS = YES;
				GCC_WARN_64_TO_32_BIT_CONVERSION = YES;
				GCC_WARN_ABOUT_RETURN_TYPE = YES_ERROR;
				GCC_WARN_UNDECLARED_SELECTOR = YES;
				GCC_WARN_UNINITIALIZED_AUTOS = YES_AGGRESSIVE;
				GCC_WARN_UNUSED_FUNCTION = YES;
				GCC_WARN_UNUSED_VARIABLE = YES;
				IPHONEOS_DEPLOYMENT_TARGET = 13.0;
				MTL_ENABLE_DEBUG_INFO = NO;
				MTL_FAST_MATH = YES;
				SDKROOT = iphoneos;
				SWIFT_COMPILATION_MODE = wholemodule;
				SWIFT_OPTIMIZATION_LEVEL = "-O";
				VALIDATE_PRODUCT = YES;
			};
			name = Release;
		};
		FBE8A3A629823384005BE645 /* Debug */ = {
			isa = XCBuildConfiguration;
			buildSettings = {
				ASSETCATALOG_COMPILER_APPICON_NAME = AppIcon;
				ASSETCATALOG_COMPILER_GLOBAL_ACCENT_COLOR_NAME = AccentColor;
				BUILD_LIBRARY_FOR_DISTRIBUTION = NO;
				CODE_SIGN_STYLE = Automatic;
				CURRENT_PROJECT_VERSION = 1;
				DEVELOPMENT_TEAM = 85JY49Q86S;
				GENERATE_INFOPLIST_FILE = YES;
				INFOPLIST_FILE = SuperApp/Info.plist;
				INFOPLIST_KEY_CFBundleDisplayName = SuperAppDemo;
				INFOPLIST_KEY_UIApplicationSupportsIndirectInputEvents = YES;
				INFOPLIST_KEY_UILaunchStoryboardName = LaunchScreen;
				INFOPLIST_KEY_UIMainStoryboardFile = Main;
				INFOPLIST_KEY_UISupportedInterfaceOrientations_iPad = "UIInterfaceOrientationPortrait UIInterfaceOrientationPortraitUpsideDown UIInterfaceOrientationLandscapeLeft UIInterfaceOrientationLandscapeRight";
				INFOPLIST_KEY_UISupportedInterfaceOrientations_iPhone = "UIInterfaceOrientationPortrait UIInterfaceOrientationLandscapeLeft UIInterfaceOrientationLandscapeRight";
				IPHONEOS_DEPLOYMENT_TARGET = 13.0;
				LD_RUNPATH_SEARCH_PATHS = (
					"$(inherited)",
					"@executable_path/Frameworks",
				);
				MARKETING_VERSION = 1.0;
				PRODUCT_BUNDLE_IDENTIFIER = com.papon.SuperApp;
				PRODUCT_NAME = "$(TARGET_NAME)";
				SWIFT_EMIT_LOC_STRINGS = YES;
				SWIFT_VERSION = 5.0;
				TARGETED_DEVICE_FAMILY = "1,2";
			};
			name = Debug;
		};
		FBE8A3A729823384005BE645 /* Release */ = {
			isa = XCBuildConfiguration;
			buildSettings = {
				ASSETCATALOG_COMPILER_APPICON_NAME = AppIcon;
				ASSETCATALOG_COMPILER_GLOBAL_ACCENT_COLOR_NAME = AccentColor;
				BUILD_LIBRARY_FOR_DISTRIBUTION = NO;
				CODE_SIGN_STYLE = Automatic;
				CURRENT_PROJECT_VERSION = 1;
				DEVELOPMENT_TEAM = 85JY49Q86S;
				GENERATE_INFOPLIST_FILE = YES;
				INFOPLIST_FILE = SuperApp/Info.plist;
				INFOPLIST_KEY_CFBundleDisplayName = SuperAppDemo;
				INFOPLIST_KEY_UIApplicationSupportsIndirectInputEvents = YES;
				INFOPLIST_KEY_UILaunchStoryboardName = LaunchScreen;
				INFOPLIST_KEY_UIMainStoryboardFile = Main;
				INFOPLIST_KEY_UISupportedInterfaceOrientations_iPad = "UIInterfaceOrientationPortrait UIInterfaceOrientationPortraitUpsideDown UIInterfaceOrientationLandscapeLeft UIInterfaceOrientationLandscapeRight";
				INFOPLIST_KEY_UISupportedInterfaceOrientations_iPhone = "UIInterfaceOrientationPortrait UIInterfaceOrientationLandscapeLeft UIInterfaceOrientationLandscapeRight";
				IPHONEOS_DEPLOYMENT_TARGET = 13.0;
				LD_RUNPATH_SEARCH_PATHS = (
					"$(inherited)",
					"@executable_path/Frameworks",
				);
				MARKETING_VERSION = 1.0;
				PRODUCT_BUNDLE_IDENTIFIER = com.papon.SuperApp;
				PRODUCT_NAME = "$(TARGET_NAME)";
				SWIFT_EMIT_LOC_STRINGS = YES;
				SWIFT_VERSION = 5.0;
				TARGETED_DEVICE_FAMILY = "1,2";
			};
			name = Release;
		};
/* End XCBuildConfiguration section */

/* Begin XCConfigurationList section */
		FBE8A38C29823382005BE645 /* Build configuration list for PBXProject "SuperApp" */ = {
			isa = XCConfigurationList;
			buildConfigurations = (
				FBE8A3A329823384005BE645 /* Debug */,
				FBE8A3A429823384005BE645 /* Release */,
			);
			defaultConfigurationIsVisible = 0;
			defaultConfigurationName = Release;
		};
		FBE8A3A529823384005BE645 /* Build configuration list for PBXNativeTarget "SuperApp" */ = {
			isa = XCConfigurationList;
			buildConfigurations = (
				FBE8A3A629823384005BE645 /* Debug */,
				FBE8A3A729823384005BE645 /* Release */,
			);
			defaultConfigurationIsVisible = 0;
			defaultConfigurationName = Release;
		};
/* End XCConfigurationList section */
	};
	rootObject = FBE8A38929823382005BE645 /* Project object */;
}
